
Microsoft Visual Studio Solution File, Format Version 12.00
# Visual Studio 15
Project("{FAE04EC0-301F-11D3-BF4B-00C04F79EFBC}") = "Oculus.VR", "Oculus.VR.csproj", "{6B2CB0DF-52D3-356D-7D22-FA655C3F3A87}"
EndProject
Project("{FAE04EC0-301F-11D3-BF4B-00C04F79EFBC}") = "Assembly-CSharp", "Assembly-CSharp.csproj", "{E4A6F791-245B-FEDB-02E5-D9FF68061E41}"
EndProject
Project("{FAE04EC0-301F-11D3-BF4B-00C04F79EFBC}") = "Oculus.VR.Scripts.Editor", "Oculus.VR.Scripts.Editor.csproj", "{A5845F7C-8C4A-E21F-45E7-555B4FE06B43}"
EndProject
Project("{FAE04EC0-301F-11D3-BF4B-00C04F79EFBC}") = "Oculus.VR.Editor", "Oculus.VR.Editor.csproj", "{03D3BEFE-0D59-0D68-65F7-3B736149836A}"
EndProject
Project("{FAE04EC0-301F-11D3-BF4B-00C04F79EFBC}") = "Assembly-CSharp-Editor", "Assembly-CSharp-Editor.csproj", "{9791D240-CF04-3172-AB1C-6F30CC23A0A2}"
EndProject
Project("{FAE04EC0-301F-11D3-BF4B-00C04F79EFBC}") = "Assembly-CSharp-Editor-firstpass", "Assembly-CSharp-Editor-firstpass.csproj", "{C61311B5-EC0E-AABE-0B54-C4EEEF524BD8}"
EndProject
Global
	GlobalSection(SolutionConfigurationPlatforms) = preSolution
		Debug|Any CPU = Debug|Any CPU
		Release|Any CPU = Release|Any CPU
	EndGlobalSection
	GlobalSection(ProjectConfigurationPlatforms) = postSolution
		{6B2CB0DF-52D3-356D-7D22-FA655C3F3A87}.Debug|Any CPU.ActiveCfg = Debug|Any CPU
		{6B2CB0DF-52D3-356D-7D22-FA655C3F3A87}.Debug|Any CPU.Build.0 = Debug|Any CPU
		{6B2CB0DF-52D3-356D-7D22-FA655C3F3A87}.Release|Any CPU.ActiveCfg = Release|Any CPU
		{6B2CB0DF-52D3-356D-7D22-FA655C3F3A87}.Release|Any CPU.Build.0 = Release|Any CPU
		{E4A6F791-245B-FEDB-02E5-D9FF68061E41}.Debug|Any CPU.ActiveCfg = Debug|Any CPU
		{E4A6F791-245B-FEDB-02E5-D9FF68061E41}.Debug|Any CPU.Build.0 = Debug|Any CPU
		{E4A6F791-245B-FEDB-02E5-D9FF68061E41}.Release|Any CPU.ActiveCfg = Release|Any CPU
		{E4A6F791-245B-FEDB-02E5-D9FF68061E41}.Release|Any CPU.Build.0 = Release|Any CPU
		{A5845F7C-8C4A-E21F-45E7-555B4FE06B43}.Debug|Any CPU.ActiveCfg = Debug|Any CPU
		{A5845F7C-8C4A-E21F-45E7-555B4FE06B43}.Debug|Any CPU.Build.0 = Debug|Any CPU
		{A5845F7C-8C4A-E21F-45E7-555B4FE06B43}.Release|Any CPU.ActiveCfg = Release|Any CPU
		{A5845F7C-8C4A-E21F-45E7-555B4FE06B43}.Release|Any CPU.Build.0 = Release|Any CPU
		{03D3BEFE-0D59-0D68-65F7-3B736149836A}.Debug|Any CPU.ActiveCfg = Debug|Any CPU
		{03D3BEFE-0D59-0D68-65F7-3B736149836A}.Debug|Any CPU.Build.0 = Debug|Any CPU
		{03D3BEFE-0D59-0D68-65F7-3B736149836A}.Release|Any CPU.ActiveCfg = Release|Any CPU
		{03D3BEFE-0D59-0D68-65F7-3B736149836A}.Release|Any CPU.Build.0 = Release|Any CPU
		{9791D240-CF04-3172-AB1C-6F30CC23A0A2}.Debug|Any CPU.ActiveCfg = Debug|Any CPU
		{9791D240-CF04-3172-AB1C-6F30CC23A0A2}.Debug|Any CPU.Build.0 = Debug|Any CPU
		{9791D240-CF04-3172-AB1C-6F30CC23A0A2}.Release|Any CPU.ActiveCfg = Release|Any CPU
		{9791D240-CF04-3172-AB1C-6F30CC23A0A2}.Release|Any CPU.Build.0 = Release|Any CPU
		{C61311B5-EC0E-AABE-0B54-C4EEEF524BD8}.Debug|Any CPU.ActiveCfg = Debug|Any CPU
		{C61311B5-EC0E-AABE-0B54-C4EEEF524BD8}.Debug|Any CPU.Build.0 = Debug|Any CPU
		{C61311B5-EC0E-AABE-0B54-C4EEEF524BD8}.Release|Any CPU.ActiveCfg = Release|Any CPU
		{C61311B5-EC0E-AABE-0B54-C4EEEF524BD8}.Release|Any CPU.Build.0 = Release|Any CPU
	EndGlobalSection
	GlobalSection(SolutionProperties) = preSolution
		HideSolutionNode = FALSE
	EndGlobalSection
EndGlobal
